<?xml version="1.0" encoding="UTF-8"?>
<Scheme
   version = "1.3">
   <BuildAction>
      <BuildActionEntries>
         <BuildActionEntry
            buildForRunning = "YES">
            <BuildableReference
               BuildableIdentifier = "primary"
               BlueprintIdentifier = "317FDD5F2255849700356327"
               BuildableName = "adocaoAnimal.app"
               BlueprintName = "adocaoAnimal"
               ReferencedContainer = "container:adocaoAnimal.xcodeproj">
            </BuildableReference>
         </BuildActionEntry>
      </BuildActionEntries>
   </BuildAction>
   <LaunchAction
      useCustomWorkingDirectory = "NO"
      buildConfiguration = "Debug"
      allowLocationSimulation = "YES">
      <BuildableProductRunnable>
         <BuildableReference
            BuildableIdentifier = "primary"
            BlueprintIdentifier = "317FDD5F2255849700356327"
            BuildableName = "adocaoAnimal.app"
            BlueprintName = "adocaoAnimal"
            ReferencedContainer = "container:adocaoAnimal.xcodeproj">
         </BuildableReference>
      </BuildableProductRunnable>
   </LaunchAction>
</Scheme>
