// !$*UTF8*$!
{
	archiveVersion = 1;
	classes = {
	};
	objectVersion = 50;
	objects = {

/* Begin PBXBuildFile section */
		086374C54EBF040B36DF3B19 /* Pods_adocaoAnimalTests.framework in Frameworks */ = {isa = PBXBuildFile; fileRef = BCD0C90FBDE49AAED683E3E4 /* Pods_adocaoAnimalTests.framework */; };
		310D6919225780AF0027C669 /* baseline_filter.png in Resources */ = {isa = PBXBuildFile; fileRef = 310D6918225780AF0027C669 /* baseline_filter.png */; };
		310D6957225823370027C669 /* GoogleService-Info.plist in Resources */ = {isa = PBXBuildFile; fileRef = 310D6956225823370027C669 /* GoogleService-Info.plist */; };
		312B7469225C0CE20064B6B9 /* baseline_tune.png in Resources */ = {isa = PBXBuildFile; fileRef = 312B7468225C0CE20064B6B9 /* baseline_tune.png */; };
		312B746C225C0E050064B6B9 /* Filter2.json in Resources */ = {isa = PBXBuildFile; fileRef = 312B746A225C0E040064B6B9 /* Filter2.json */; };
		312B746D225C0E050064B6B9 /* Filter1.json in Resources */ = {isa = PBXBuildFile; fileRef = 312B746B225C0E040064B6B9 /* Filter1.json */; };
		312B746F225C20430064B6B9 /* settings_sliders-512.png in Resources */ = {isa = PBXBuildFile; fileRef = 312B746E225C20430064B6B9 /* settings_sliders-512.png */; };
		31736BCC225589A700BCFE53 /* FeedView.swift in Sources */ = {isa = PBXBuildFile; fileRef = 31736BC9225589A700BCFE53 /* FeedView.swift */; };
		31736BCD225589A700BCFE53 /* FeedViewModel.swift in Sources */ = {isa = PBXBuildFile; fileRef = 31736BCA225589A700BCFE53 /* FeedViewModel.swift */; };
		31736BCE225589A700BCFE53 /* FeedView.xib in Resources */ = {isa = PBXBuildFile; fileRef = 31736BCB225589A700BCFE53 /* FeedView.xib */; };
		317FDD642255849700356327 /* AppDelegate.swift in Sources */ = {isa = PBXBuildFile; fileRef = 317FDD632255849700356327 /* AppDelegate.swift */; };
		317FDD662255849700356327 /* ViewController.swift in Sources */ = {isa = PBXBuildFile; fileRef = 317FDD652255849700356327 /* ViewController.swift */; };
		317FDD692255849700356327 /* Main.storyboard in Resources */ = {isa = PBXBuildFile; fileRef = 317FDD672255849700356327 /* Main.storyboard */; };
		317FDD6B2255849800356327 /* Assets.xcassets in Resources */ = {isa = PBXBuildFile; fileRef = 317FDD6A2255849800356327 /* Assets.xcassets */; };
		317FDD6E2255849800356327 /* LaunchScreen.storyboard in Resources */ = {isa = PBXBuildFile; fileRef = 317FDD6C2255849800356327 /* LaunchScreen.storyboard */; };
		317FDD792255849800356327 /* adocaoAnimalTests.swift in Sources */ = {isa = PBXBuildFile; fileRef = 317FDD782255849800356327 /* adocaoAnimalTests.swift */; };
		317FDD842255849800356327 /* adocaoAnimalUITests.swift in Sources */ = {isa = PBXBuildFile; fileRef = 317FDD832255849800356327 /* adocaoAnimalUITests.swift */; };
		46C36C4D47A3200309DBB078 /* Pods_adocaoAnimal.framework in Frameworks */ = {isa = PBXBuildFile; fileRef = E7C73FB9F59391ED63997799 /* Pods_adocaoAnimal.framework */; };
		632016489A190595E06B8EEF /* Pods_adocaoAnimalUITests.framework in Frameworks */ = {isa = PBXBuildFile; fileRef = EC941B8DFA311B4BD3CE2AC2 /* Pods_adocaoAnimalUITests.framework */; };
		D77B10D22256D2B0009B3561 /* R.generated.swift in Sources */ = {isa = PBXBuildFile; fileRef = D77B10D12256D2B0009B3561 /* R.generated.swift */; };
		D77B10D62256D4D0009B3561 /* Coordinator.swift in Sources */ = {isa = PBXBuildFile; fileRef = D77B10D52256D4D0009B3561 /* Coordinator.swift */; };
		D77B10D82256D52D009B3561 /* AppCoordinator.swift in Sources */ = {isa = PBXBuildFile; fileRef = D77B10D72256D52D009B3561 /* AppCoordinator.swift */; };
		D77B10E32256DEA6009B3561 /* PetDetailsView.swift in Sources */ = {isa = PBXBuildFile; fileRef = D77B10E02256DEA6009B3561 /* PetDetailsView.swift */; };
		D77B10E42256DEA6009B3561 /* PetDetailsViewModel.swift in Sources */ = {isa = PBXBuildFile; fileRef = D77B10E12256DEA6009B3561 /* PetDetailsViewModel.swift */; };
		D77B10E52256DEA6009B3561 /* PetDetailsView.xib in Resources */ = {isa = PBXBuildFile; fileRef = D77B10E22256DEA6009B3561 /* PetDetailsView.xib */; };
		D77B10E72256E39C009B3561 /* location.json in Resources */ = {isa = PBXBuildFile; fileRef = D77B10E62256E39C009B3561 /* location.json */; };
/* End PBXBuildFile section */

/* Begin PBXContainerItemProxy section */
		317FDD752255849800356327 /* PBXContainerItemProxy */ = {
			isa = PBXContainerItemProxy;
			containerPortal = 317FDD582255849700356327 /* Project object */;
			proxyType = 1;
			remoteGlobalIDString = 317FDD5F2255849700356327;
			remoteInfo = adocaoAnimal;
		};
		317FDD802255849800356327 /* PBXContainerItemProxy */ = {
			isa = PBXContainerItemProxy;
			containerPortal = 317FDD582255849700356327 /* Project object */;
			proxyType = 1;
			remoteGlobalIDString = 317FDD5F2255849700356327;
			remoteInfo = adocaoAnimal;
		};
/* End PBXContainerItemProxy section */

/* Begin PBXFileReference section */
		18298206FD12530BC1ED0589 /* Pods-adocaoAnimal.debug.xcconfig */ = {isa = PBXFileReference; includeInIndex = 1; lastKnownFileType = text.xcconfig; name = "Pods-adocaoAnimal.debug.xcconfig"; path = "Target Support Files/Pods-adocaoAnimal/Pods-adocaoAnimal.debug.xcconfig"; sourceTree = "<group>"; };
		310D6918225780AF0027C669 /* baseline_filter.png */ = {isa = PBXFileReference; lastKnownFileType = image.png; name = baseline_filter.png; path = "../../../../../../../Downloads/baseline-filter_list-black-18/2x/baseline_filter.png"; sourceTree = "<group>"; };
		310D6956225823370027C669 /* GoogleService-Info.plist */ = {isa = PBXFileReference; fileEncoding = 4; lastKnownFileType = text.plist.xml; path = "GoogleService-Info.plist"; sourceTree = "<group>"; };
		312B7468225C0CE20064B6B9 /* baseline_tune.png */ = {isa = PBXFileReference; lastKnownFileType = image.png; path = baseline_tune.png; sourceTree = "<group>"; };
		312B746A225C0E040064B6B9 /* Filter2.json */ = {isa = PBXFileReference; fileEncoding = 4; lastKnownFileType = text.json; path = Filter2.json; sourceTree = "<group>"; };
		312B746B225C0E040064B6B9 /* Filter1.json */ = {isa = PBXFileReference; fileEncoding = 4; lastKnownFileType = text.json; path = Filter1.json; sourceTree = "<group>"; };
		312B746E225C20430064B6B9 /* settings_sliders-512.png */ = {isa = PBXFileReference; lastKnownFileType = image.png; path = "settings_sliders-512.png"; sourceTree = "<group>"; };
		31736BC9225589A700BCFE53 /* FeedView.swift */ = {isa = PBXFileReference; indentWidth = 4; lastKnownFileType = sourcecode.swift; path = FeedView.swift; sourceTree = "<group>"; tabWidth = 4; };
		31736BCA225589A700BCFE53 /* FeedViewModel.swift */ = {isa = PBXFileReference; lastKnownFileType = sourcecode.swift; path = FeedViewModel.swift; sourceTree = "<group>"; };
		31736BCB225589A700BCFE53 /* FeedView.xib */ = {isa = PBXFileReference; lastKnownFileType = file.xib; path = FeedView.xib; sourceTree = "<group>"; };
		317FDD602255849700356327 /* adocaoAnimal.app */ = {isa = PBXFileReference; explicitFileType = wrapper.application; includeInIndex = 0; path = adocaoAnimal.app; sourceTree = BUILT_PRODUCTS_DIR; };
		317FDD632255849700356327 /* AppDelegate.swift */ = {isa = PBXFileReference; lastKnownFileType = sourcecode.swift; path = AppDelegate.swift; sourceTree = "<group>"; };
		317FDD652255849700356327 /* ViewController.swift */ = {isa = PBXFileReference; lastKnownFileType = sourcecode.swift; path = ViewController.swift; sourceTree = "<group>"; };
		317FDD682255849700356327 /* Base */ = {isa = PBXFileReference; lastKnownFileType = file.storyboard; name = Base; path = Base.lproj/Main.storyboard; sourceTree = "<group>"; };
		317FDD6A2255849800356327 /* Assets.xcassets */ = {isa = PBXFileReference; lastKnownFileType = folder.assetcatalog; path = Assets.xcassets; sourceTree = "<group>"; };
		317FDD6D2255849800356327 /* Base */ = {isa = PBXFileReference; lastKnownFileType = file.storyboard; name = Base; path = Base.lproj/LaunchScreen.storyboard; sourceTree = "<group>"; };
		317FDD6F2255849800356327 /* Info.plist */ = {isa = PBXFileReference; lastKnownFileType = text.plist.xml; path = Info.plist; sourceTree = "<group>"; };
		317FDD742255849800356327 /* adocaoAnimalTests.xctest */ = {isa = PBXFileReference; explicitFileType = wrapper.cfbundle; includeInIndex = 0; path = adocaoAnimalTests.xctest; sourceTree = BUILT_PRODUCTS_DIR; };
		317FDD782255849800356327 /* adocaoAnimalTests.swift */ = {isa = PBXFileReference; lastKnownFileType = sourcecode.swift; path = adocaoAnimalTests.swift; sourceTree = "<group>"; };
		317FDD7A2255849800356327 /* Info.plist */ = {isa = PBXFileReference; lastKnownFileType = text.plist.xml; path = Info.plist; sourceTree = "<group>"; };
		317FDD7F2255849800356327 /* adocaoAnimalUITests.xctest */ = {isa = PBXFileReference; explicitFileType = wrapper.cfbundle; includeInIndex = 0; path = adocaoAnimalUITests.xctest; sourceTree = BUILT_PRODUCTS_DIR; };
		317FDD832255849800356327 /* adocaoAnimalUITests.swift */ = {isa = PBXFileReference; lastKnownFileType = sourcecode.swift; path = adocaoAnimalUITests.swift; sourceTree = "<group>"; };
		317FDD852255849800356327 /* Info.plist */ = {isa = PBXFileReference; lastKnownFileType = text.plist.xml; path = Info.plist; sourceTree = "<group>"; };
		450060FEF2DC9E2875DC2315 /* Pods-adocaoAnimalUITests.release.xcconfig */ = {isa = PBXFileReference; includeInIndex = 1; lastKnownFileType = text.xcconfig; name = "Pods-adocaoAnimalUITests.release.xcconfig"; path = "Target Support Files/Pods-adocaoAnimalUITests/Pods-adocaoAnimalUITests.release.xcconfig"; sourceTree = "<group>"; };
		BA1D534F592A17B641BF6544 /* Pods-adocaoAnimalTests.release.xcconfig */ = {isa = PBXFileReference; includeInIndex = 1; lastKnownFileType = text.xcconfig; name = "Pods-adocaoAnimalTests.release.xcconfig"; path = "Target Support Files/Pods-adocaoAnimalTests/Pods-adocaoAnimalTests.release.xcconfig"; sourceTree = "<group>"; };
		BB5A441A81AC28F9BF4FB0C7 /* Pods-adocaoAnimal.release.xcconfig */ = {isa = PBXFileReference; includeInIndex = 1; lastKnownFileType = text.xcconfig; name = "Pods-adocaoAnimal.release.xcconfig"; path = "Target Support Files/Pods-adocaoAnimal/Pods-adocaoAnimal.release.xcconfig"; sourceTree = "<group>"; };
		BCD0C90FBDE49AAED683E3E4 /* Pods_adocaoAnimalTests.framework */ = {isa = PBXFileReference; explicitFileType = wrapper.framework; includeInIndex = 0; path = Pods_adocaoAnimalTests.framework; sourceTree = BUILT_PRODUCTS_DIR; };
		D77B10D12256D2B0009B3561 /* R.generated.swift */ = {isa = PBXFileReference; fileEncoding = 4; lastKnownFileType = sourcecode.swift; path = R.generated.swift; sourceTree = SOURCE_ROOT; };
		D77B10D52256D4D0009B3561 /* Coordinator.swift */ = {isa = PBXFileReference; lastKnownFileType = sourcecode.swift; path = Coordinator.swift; sourceTree = "<group>"; };
		D77B10D72256D52D009B3561 /* AppCoordinator.swift */ = {isa = PBXFileReference; lastKnownFileType = sourcecode.swift; path = AppCoordinator.swift; sourceTree = "<group>"; };
		D77B10E02256DEA6009B3561 /* PetDetailsView.swift */ = {isa = PBXFileReference; lastKnownFileType = sourcecode.swift; path = PetDetailsView.swift; sourceTree = "<group>"; };
		D77B10E12256DEA6009B3561 /* PetDetailsViewModel.swift */ = {isa = PBXFileReference; lastKnownFileType = sourcecode.swift; path = PetDetailsViewModel.swift; sourceTree = "<group>"; };
		D77B10E22256DEA6009B3561 /* PetDetailsView.xib */ = {isa = PBXFileReference; lastKnownFileType = file.xib; path = PetDetailsView.xib; sourceTree = "<group>"; };
		D77B10E62256E39C009B3561 /* location.json */ = {isa = PBXFileReference; fileEncoding = 4; lastKnownFileType = text.json; path = location.json; sourceTree = "<group>"; };
		E3E41E50A03220D1A2B05946 /* Pods-adocaoAnimalUITests.debug.xcconfig */ = {isa = PBXFileReference; includeInIndex = 1; lastKnownFileType = text.xcconfig; name = "Pods-adocaoAnimalUITests.debug.xcconfig"; path = "Target Support Files/Pods-adocaoAnimalUITests/Pods-adocaoAnimalUITests.debug.xcconfig"; sourceTree = "<group>"; };
		E7C73FB9F59391ED63997799 /* Pods_adocaoAnimal.framework */ = {isa = PBXFileReference; explicitFileType = wrapper.framework; includeInIndex = 0; path = Pods_adocaoAnimal.framework; sourceTree = BUILT_PRODUCTS_DIR; };
		EA5EE50E64792CC41D9AA554 /* Pods-adocaoAnimalTests.debug.xcconfig */ = {isa = PBXFileReference; includeInIndex = 1; lastKnownFileType = text.xcconfig; name = "Pods-adocaoAnimalTests.debug.xcconfig"; path = "Target Support Files/Pods-adocaoAnimalTests/Pods-adocaoAnimalTests.debug.xcconfig"; sourceTree = "<group>"; };
		EC941B8DFA311B4BD3CE2AC2 /* Pods_adocaoAnimalUITests.framework */ = {isa = PBXFileReference; explicitFileType = wrapper.framework; includeInIndex = 0; path = Pods_adocaoAnimalUITests.framework; sourceTree = BUILT_PRODUCTS_DIR; };
/* End PBXFileReference section */

/* Begin PBXFrameworksBuildPhase section */
		317FDD5D2255849700356327 /* Frameworks */ = {
			isa = PBXFrameworksBuildPhase;
			buildActionMask = 2147483647;
			files = (
				46C36C4D47A3200309DBB078 /* Pods_adocaoAnimal.framework in Frameworks */,
			);
			runOnlyForDeploymentPostprocessing = 0;
		};
		317FDD712255849800356327 /* Frameworks */ = {
			isa = PBXFrameworksBuildPhase;
			buildActionMask = 2147483647;
			files = (
				086374C54EBF040B36DF3B19 /* Pods_adocaoAnimalTests.framework in Frameworks */,
			);
			runOnlyForDeploymentPostprocessing = 0;
		};
		317FDD7C2255849800356327 /* Frameworks */ = {
			isa = PBXFrameworksBuildPhase;
			buildActionMask = 2147483647;
			files = (
				632016489A190595E06B8EEF /* Pods_adocaoAnimalUITests.framework in Frameworks */,
			);
			runOnlyForDeploymentPostprocessing = 0;
		};
/* End PBXFrameworksBuildPhase section */

/* Begin PBXGroup section */
		31736BC52255891D00BCFE53 /* Modules */ = {
			isa = PBXGroup;
			children = (
				D77B10DF2256DC9F009B3561 /* Pet */,
				31736BC82255898D00BCFE53 /* Feed */,
			);
			path = Modules;
			sourceTree = "<group>";
		};
		31736BC82255898D00BCFE53 /* Feed */ = {
			isa = PBXGroup;
			children = (
				31736BC9225589A700BCFE53 /* FeedView.swift */,
				31736BCA225589A700BCFE53 /* FeedViewModel.swift */,
				31736BCB225589A700BCFE53 /* FeedView.xib */,
			);
			path = Feed;
			sourceTree = "<group>";
		};
		317FDD572255849700356327 = {
			isa = PBXGroup;
			children = (
				317FDD622255849700356327 /* adocaoAnimal */,
				317FDD772255849800356327 /* adocaoAnimalTests */,
				317FDD822255849800356327 /* adocaoAnimalUITests */,
				317FDD612255849700356327 /* Products */,
				850EFCFAB5D486902DF06927 /* Pods */,
				75FC4F8207524DEB2630D8EA /* Frameworks */,
			);
			sourceTree = "<group>";
		};
		317FDD612255849700356327 /* Products */ = {
			isa = PBXGroup;
			children = (
				317FDD602255849700356327 /* adocaoAnimal.app */,
				317FDD742255849800356327 /* adocaoAnimalTests.xctest */,
				317FDD7F2255849800356327 /* adocaoAnimalUITests.xctest */,
			);
			name = Products;
			sourceTree = "<group>";
		};
		317FDD622255849700356327 /* adocaoAnimal */ = {
			isa = PBXGroup;
			children = (
				310D6956225823370027C669 /* GoogleService-Info.plist */,
				D77B10E82256E6BE009B3561 /* Components */,
				317FDD6F2255849800356327 /* Info.plist */,
				D77B10D42256D499009B3561 /* Coordinator */,
				D77B10D32256D3DF009B3561 /* Cells */,
				D77B10D02256D242009B3561 /* Base */,
				31736BC52255891D00BCFE53 /* Modules */,
				317FDD652255849700356327 /* ViewController.swift */,
			);
			path = adocaoAnimal;
			sourceTree = "<group>";
		};
		317FDD772255849800356327 /* adocaoAnimalTests */ = {
			isa = PBXGroup;
			children = (
				317FDD782255849800356327 /* adocaoAnimalTests.swift */,
				317FDD7A2255849800356327 /* Info.plist */,
			);
			path = adocaoAnimalTests;
			sourceTree = "<group>";
		};
		317FDD822255849800356327 /* adocaoAnimalUITests */ = {
			isa = PBXGroup;
			children = (
				317FDD832255849800356327 /* adocaoAnimalUITests.swift */,
				317FDD852255849800356327 /* Info.plist */,
			);
			path = adocaoAnimalUITests;
			sourceTree = "<group>";
		};
		75FC4F8207524DEB2630D8EA /* Frameworks */ = {
			isa = PBXGroup;
			children = (
				E7C73FB9F59391ED63997799 /* Pods_adocaoAnimal.framework */,
				BCD0C90FBDE49AAED683E3E4 /* Pods_adocaoAnimalTests.framework */,
				EC941B8DFA311B4BD3CE2AC2 /* Pods_adocaoAnimalUITests.framework */,
			);
			name = Frameworks;
			sourceTree = "<group>";
		};
		850EFCFAB5D486902DF06927 /* Pods */ = {
			isa = PBXGroup;
			children = (
				18298206FD12530BC1ED0589 /* Pods-adocaoAnimal.debug.xcconfig */,
				BB5A441A81AC28F9BF4FB0C7 /* Pods-adocaoAnimal.release.xcconfig */,
				EA5EE50E64792CC41D9AA554 /* Pods-adocaoAnimalTests.debug.xcconfig */,
				BA1D534F592A17B641BF6544 /* Pods-adocaoAnimalTests.release.xcconfig */,
				E3E41E50A03220D1A2B05946 /* Pods-adocaoAnimalUITests.debug.xcconfig */,
				450060FEF2DC9E2875DC2315 /* Pods-adocaoAnimalUITests.release.xcconfig */,
			);
			path = Pods;
			sourceTree = "<group>";
		};
		D77B10D02256D242009B3561 /* Base */ = {
			isa = PBXGroup;
			children = (
				312B746B225C0E040064B6B9 /* Filter1.json */,
				312B746A225C0E040064B6B9 /* Filter2.json */,
				D77B10EB2256EFA8009B3561 /* assets */,
				D77B10E62256E39C009B3561 /* location.json */,
				D77B10D12256D2B0009B3561 /* R.generated.swift */,
				317FDD632255849700356327 /* AppDelegate.swift */,
				317FDD6A2255849800356327 /* Assets.xcassets */,
				317FDD6C2255849800356327 /* LaunchScreen.storyboard */,
				317FDD672255849700356327 /* Main.storyboard */,
			);
			path = Base;
			sourceTree = "<group>";
		};
		D77B10D32256D3DF009B3561 /* Cells */ = {
			isa = PBXGroup;
			children = (
			);
			path = Cells;
			sourceTree = "<group>";
		};
		D77B10D42256D499009B3561 /* Coordinator */ = {
			isa = PBXGroup;
			children = (
				D77B10D52256D4D0009B3561 /* Coordinator.swift */,
				D77B10D72256D52D009B3561 /* AppCoordinator.swift */,
			);
			path = Coordinator;
			sourceTree = "<group>";
		};
		D77B10DF2256DC9F009B3561 /* Pet */ = {
			isa = PBXGroup;
			children = (
				D77B10E02256DEA6009B3561 /* PetDetailsView.swift */,
				D77B10E12256DEA6009B3561 /* PetDetailsViewModel.swift */,
				D77B10E22256DEA6009B3561 /* PetDetailsView.xib */,
			);
			path = Pet;
			sourceTree = "<group>";
		};
		D77B10E82256E6BE009B3561 /* Components */ = {
			isa = PBXGroup;
			children = (
			);
			path = Components;
			sourceTree = "<group>";
		};
		D77B10EB2256EFA8009B3561 /* assets */ = {
			isa = PBXGroup;
			children = (
				312B746E225C20430064B6B9 /* settings_sliders-512.png */,
				312B7468225C0CE20064B6B9 /* baseline_tune.png */,
				310D6918225780AF0027C669 /* baseline_filter.png */,
			);
			path = assets;
			sourceTree = "<group>";
		};
/* End PBXGroup section */

/* Begin PBXNativeTarget section */
		317FDD5F2255849700356327 /* adocaoAnimal */ = {
			isa = PBXNativeTarget;
			buildConfigurationList = 317FDD882255849800356327 /* Build configuration list for PBXNativeTarget "adocaoAnimal" */;
			buildPhases = (
				894502DB5A88E597D58CD113 /* [CP] Check Pods Manifest.lock */,
				317FDD912255859900356327 /* ShellScript */,
				317FDD5C2255849700356327 /* Sources */,
				317FDD5D2255849700356327 /* Frameworks */,
				317FDD5E2255849700356327 /* Resources */,
				F2C496DDCA03B1AC7F2449F4 /* [CP] Embed Pods Frameworks */,
				2F18415AAD66303B4A1A0F25 /* [CP] Copy Pods Resources */,
			);
			buildRules = (
			);
			dependencies = (
			);
			name = adocaoAnimal;
			productName = adocaoAnimal;
			productReference = 317FDD602255849700356327 /* adocaoAnimal.app */;
			productType = "com.apple.product-type.application";
		};
		317FDD732255849800356327 /* adocaoAnimalTests */ = {
			isa = PBXNativeTarget;
			buildConfigurationList = 317FDD8B2255849800356327 /* Build configuration list for PBXNativeTarget "adocaoAnimalTests" */;
			buildPhases = (
				5FA5016268B29AC5E9070233 /* [CP] Check Pods Manifest.lock */,
				317FDD702255849800356327 /* Sources */,
				317FDD712255849800356327 /* Frameworks */,
				317FDD722255849800356327 /* Resources */,
			);
			buildRules = (
			);
			dependencies = (
				317FDD762255849800356327 /* PBXTargetDependency */,
			);
			name = adocaoAnimalTests;
			productName = adocaoAnimalTests;
			productReference = 317FDD742255849800356327 /* adocaoAnimalTests.xctest */;
			productType = "com.apple.product-type.bundle.unit-test";
		};
		317FDD7E2255849800356327 /* adocaoAnimalUITests */ = {
			isa = PBXNativeTarget;
			buildConfigurationList = 317FDD8E2255849800356327 /* Build configuration list for PBXNativeTarget "adocaoAnimalUITests" */;
			buildPhases = (
				98489AEA291E1ABC95BF8699 /* [CP] Check Pods Manifest.lock */,
				317FDD7B2255849800356327 /* Sources */,
				317FDD7C2255849800356327 /* Frameworks */,
				317FDD7D2255849800356327 /* Resources */,
			);
			buildRules = (
			);
			dependencies = (
				317FDD812255849800356327 /* PBXTargetDependency */,
			);
			name = adocaoAnimalUITests;
			productName = adocaoAnimalUITests;
			productReference = 317FDD7F2255849800356327 /* adocaoAnimalUITests.xctest */;
			productType = "com.apple.product-type.bundle.ui-testing";
		};
/* End PBXNativeTarget section */

/* Begin PBXProject section */
		317FDD582255849700356327 /* Project object */ = {
			isa = PBXProject;
			attributes = {
				LastSwiftUpdateCheck = 1020;
				LastUpgradeCheck = 1020;
				ORGANIZATIONNAME = "Gerson Arbigaus";
				TargetAttributes = {
					317FDD5F2255849700356327 = {
						CreatedOnToolsVersion = 10.2;
					};
					317FDD732255849800356327 = {
						CreatedOnToolsVersion = 10.2;
						TestTargetID = 317FDD5F2255849700356327;
					};
					317FDD7E2255849800356327 = {
						CreatedOnToolsVersion = 10.2;
						TestTargetID = 317FDD5F2255849700356327;
					};
				};
			};
			buildConfigurationList = 317FDD5B2255849700356327 /* Build configuration list for PBXProject "adocaoAnimal" */;
			compatibilityVersion = "Xcode 9.3";
			developmentRegion = en;
			hasScannedForEncodings = 0;
			knownRegions = (
				en,
				Base,
			);
			mainGroup = 317FDD572255849700356327;
			productRefGroup = 317FDD612255849700356327 /* Products */;
			projectDirPath = "";
			projectRoot = "";
			targets = (
				317FDD5F2255849700356327 /* adocaoAnimal */,
				317FDD732255849800356327 /* adocaoAnimalTests */,
				317FDD7E2255849800356327 /* adocaoAnimalUITests */,
			);
		};
/* End PBXProject section */

/* Begin PBXResourcesBuildPhase section */
		317FDD5E2255849700356327 /* Resources */ = {
			isa = PBXResourcesBuildPhase;
			buildActionMask = 2147483647;
			files = (
				31736BCE225589A700BCFE53 /* FeedView.xib in Resources */,
				312B7469225C0CE20064B6B9 /* baseline_tune.png in Resources */,
				312B746F225C20430064B6B9 /* settings_sliders-512.png in Resources */,
				312B746C225C0E050064B6B9 /* Filter2.json in Resources */,
				312B746D225C0E050064B6B9 /* Filter1.json in Resources */,
				310D6957225823370027C669 /* GoogleService-Info.plist in Resources */,
				317FDD6E2255849800356327 /* LaunchScreen.storyboard in Resources */,
				D77B10E52256DEA6009B3561 /* PetDetailsView.xib in Resources */,
				317FDD6B2255849800356327 /* Assets.xcassets in Resources */,
				310D6919225780AF0027C669 /* baseline_filter.png in Resources */,
				D77B10E72256E39C009B3561 /* location.json in Resources */,
				317FDD692255849700356327 /* Main.storyboard in Resources */,
			);
			runOnlyForDeploymentPostprocessing = 0;
		};
		317FDD722255849800356327 /* Resources */ = {
			isa = PBXResourcesBuildPhase;
			buildActionMask = 2147483647;
			files = (
			);
			runOnlyForDeploymentPostprocessing = 0;
		};
		317FDD7D2255849800356327 /* Resources */ = {
			isa = PBXResourcesBuildPhase;
			buildActionMask = 2147483647;
			files = (
			);
			runOnlyForDeploymentPostprocessing = 0;
		};
/* End PBXResourcesBuildPhase section */

/* Begin PBXShellScriptBuildPhase section */
		2F18415AAD66303B4A1A0F25 /* [CP] Copy Pods Resources */ = {
			isa = PBXShellScriptBuildPhase;
			buildActionMask = 2147483647;
			files = (
			);
			inputFileListPaths = (
			);
			inputPaths = (
				"${PODS_ROOT}/Target Support Files/Pods-adocaoAnimal/Pods-adocaoAnimal-resources.sh",
				"${PODS_CONFIGURATION_BUILD_DIR}/ChatSDKFirebase/ChatFirebaseSocialLogin.bundle",
				"${PODS_ROOT}/GoogleSignIn/Resources/GoogleSignIn.bundle",
				"${PODS_ROOT}/TwitterKit/iOS/TwitterKit.framework/TwitterKitResources.bundle",
			);
			name = "[CP] Copy Pods Resources";
			outputFileListPaths = (
			);
			outputPaths = (
				"${TARGET_BUILD_DIR}/${UNLOCALIZED_RESOURCES_FOLDER_PATH}/ChatFirebaseSocialLogin.bundle",
				"${TARGET_BUILD_DIR}/${UNLOCALIZED_RESOURCES_FOLDER_PATH}/GoogleSignIn.bundle",
				"${TARGET_BUILD_DIR}/${UNLOCALIZED_RESOURCES_FOLDER_PATH}/TwitterKitResources.bundle",
			);
			runOnlyForDeploymentPostprocessing = 0;
			shellPath = /bin/sh;
			shellScript = "\"${PODS_ROOT}/Target Support Files/Pods-adocaoAnimal/Pods-adocaoAnimal-resources.sh\"\n";
			showEnvVarsInLog = 0;
		};
		317FDD912255859900356327 /* ShellScript */ = {
			isa = PBXShellScriptBuildPhase;
			buildActionMask = 2147483647;
			files = (
			);
			inputFileListPaths = (
			);
			inputPaths = (
				"$TEMP_DIR/rswift-lastrun",
			);
			outputFileListPaths = (
			);
			outputPaths = (
				$SRCROOT/R.generated.swift,
			);
			runOnlyForDeploymentPostprocessing = 0;
			shellPath = /bin/sh;
			shellScript = "# Type a script or drag a script file from your workspace to insert its path.\n\"$PODS_ROOT/R.swift/rswift\" generate \"$SRCROOT/R.generated.swift\"\n";
		};
		5FA5016268B29AC5E9070233 /* [CP] Check Pods Manifest.lock */ = {
			isa = PBXShellScriptBuildPhase;
			buildActionMask = 2147483647;
			files = (
			);
			inputFileListPaths = (
			);
			inputPaths = (
				"${PODS_PODFILE_DIR_PATH}/Podfile.lock",
				"${PODS_ROOT}/Manifest.lock",
			);
			name = "[CP] Check Pods Manifest.lock";
			outputFileListPaths = (
			);
			outputPaths = (
				"$(DERIVED_FILE_DIR)/Pods-adocaoAnimalTests-checkManifestLockResult.txt",
			);
			runOnlyForDeploymentPostprocessing = 0;
			shellPath = /bin/sh;
			shellScript = "diff \"${PODS_PODFILE_DIR_PATH}/Podfile.lock\" \"${PODS_ROOT}/Manifest.lock\" > /dev/null\nif [ $? != 0 ] ; then\n    # print error to STDERR\n    echo \"error: The sandbox is not in sync with the Podfile.lock. Run 'pod install' or update your CocoaPods installation.\" >&2\n    exit 1\nfi\n# This output is used by Xcode 'outputs' to avoid re-running this script phase.\necho \"SUCCESS\" > \"${SCRIPT_OUTPUT_FILE_0}\"\n";
			showEnvVarsInLog = 0;
		};
		894502DB5A88E597D58CD113 /* [CP] Check Pods Manifest.lock */ = {
			isa = PBXShellScriptBuildPhase;
			buildActionMask = 2147483647;
			files = (
			);
			inputFileListPaths = (
			);
			inputPaths = (
				"${PODS_PODFILE_DIR_PATH}/Podfile.lock",
				"${PODS_ROOT}/Manifest.lock",
			);
			name = "[CP] Check Pods Manifest.lock";
			outputFileListPaths = (
			);
			outputPaths = (
				"$(DERIVED_FILE_DIR)/Pods-adocaoAnimal-checkManifestLockResult.txt",
			);
			runOnlyForDeploymentPostprocessing = 0;
			shellPath = /bin/sh;
			shellScript = "diff \"${PODS_PODFILE_DIR_PATH}/Podfile.lock\" \"${PODS_ROOT}/Manifest.lock\" > /dev/null\nif [ $? != 0 ] ; then\n    # print error to STDERR\n    echo \"error: The sandbox is not in sync with the Podfile.lock. Run 'pod install' or update your CocoaPods installation.\" >&2\n    exit 1\nfi\n# This output is used by Xcode 'outputs' to avoid re-running this script phase.\necho \"SUCCESS\" > \"${SCRIPT_OUTPUT_FILE_0}\"\n";
			showEnvVarsInLog = 0;
		};
		98489AEA291E1ABC95BF8699 /* [CP] Check Pods Manifest.lock */ = {
			isa = PBXShellScriptBuildPhase;
			buildActionMask = 2147483647;
			files = (
			);
			inputFileListPaths = (
			);
			inputPaths = (
				"${PODS_PODFILE_DIR_PATH}/Podfile.lock",
				"${PODS_ROOT}/Manifest.lock",
			);
			name = "[CP] Check Pods Manifest.lock";
			outputFileListPaths = (
			);
			outputPaths = (
				"$(DERIVED_FILE_DIR)/Pods-adocaoAnimalUITests-checkManifestLockResult.txt",
			);
			runOnlyForDeploymentPostprocessing = 0;
			shellPath = /bin/sh;
			shellScript = "diff \"${PODS_PODFILE_DIR_PATH}/Podfile.lock\" \"${PODS_ROOT}/Manifest.lock\" > /dev/null\nif [ $? != 0 ] ; then\n    # print error to STDERR\n    echo \"error: The sandbox is not in sync with the Podfile.lock. Run 'pod install' or update your CocoaPods installation.\" >&2\n    exit 1\nfi\n# This output is used by Xcode 'outputs' to avoid re-running this script phase.\necho \"SUCCESS\" > \"${SCRIPT_OUTPUT_FILE_0}\"\n";
			showEnvVarsInLog = 0;
		};
		F2C496DDCA03B1AC7F2449F4 /* [CP] Embed Pods Frameworks */ = {
			isa = PBXShellScriptBuildPhase;
			buildActionMask = 2147483647;
			files = (
			);
			inputFileListPaths = (
			);
			inputPaths = (
				"${PODS_ROOT}/Target Support Files/Pods-adocaoAnimal/Pods-adocaoAnimal-frameworks.sh",
				"${BUILT_PRODUCTS_DIR}/AFNetworking/AFNetworking.framework",
				"${BUILT_PRODUCTS_DIR}/Bolts/Bolts.framework",
				"${BUILT_PRODUCTS_DIR}/ChatSDK/ChatSDK.framework",
				"${BUILT_PRODUCTS_DIR}/ChatSDKKeepLayout/KeepLayout.framework",
				"${BUILT_PRODUCTS_DIR}/CountryPicker/CountryPicker.framework",
				"${BUILT_PRODUCTS_DIR}/DateTools/DateTools.framework",
				"${BUILT_PRODUCTS_DIR}/FBSDKCoreKit/FBSDKCoreKit.framework",
				"${BUILT_PRODUCTS_DIR}/FBSDKLoginKit/FBSDKLoginKit.framework",
				"${BUILT_PRODUCTS_DIR}/FrameAccessor/FrameAccessor.framework",
				"${BUILT_PRODUCTS_DIR}/GTMSessionFetcher/GTMSessionFetcher.framework",
				"${BUILT_PRODUCTS_DIR}/GoogleToolboxForMac/GoogleToolboxForMac.framework",
				"${BUILT_PRODUCTS_DIR}/GoogleUtilities/GoogleUtilities.framework",
				"${BUILT_PRODUCTS_DIR}/Hakawai/Hakawai.framework",
				"${BUILT_PRODUCTS_DIR}/MBProgressHUD/MBProgressHUD.framework",
				"${BUILT_PRODUCTS_DIR}/Protobuf/Protobuf.framework",
				"${BUILT_PRODUCTS_DIR}/R.swift.Library/Rswift.framework",
				"${BUILT_PRODUCTS_DIR}/RXPromise/RXPromise.framework",
				"${BUILT_PRODUCTS_DIR}/Reachability/Reachability.framework",
				"${BUILT_PRODUCTS_DIR}/RxCocoa/RxCocoa.framework",
				"${BUILT_PRODUCTS_DIR}/RxSwift/RxSwift.framework",
				"${BUILT_PRODUCTS_DIR}/RxSwiftExt/RxSwiftExt.framework",
				"${BUILT_PRODUCTS_DIR}/RxSwiftUtilities/RxSwiftUtilities.framework",
				"${BUILT_PRODUCTS_DIR}/SAMKeychain/SAMKeychain.framework",
				"${BUILT_PRODUCTS_DIR}/SDWebImage/SDWebImage.framework",
				"${BUILT_PRODUCTS_DIR}/StaticDataTableViewController/StaticDataTableViewController.framework",
				"${BUILT_PRODUCTS_DIR}/TOCropViewController/TOCropViewController.framework",
				"${BUILT_PRODUCTS_DIR}/Toast/Toast.framework",
				"${PODS_ROOT}/TwitterCore/iOS/TwitterCore.framework",
				"${PODS_ROOT}/TwitterKit/iOS/TwitterKit.framework",
				"${BUILT_PRODUCTS_DIR}/VENTokenField/VENTokenField.framework",
				"${BUILT_PRODUCTS_DIR}/leveldb-library/leveldb.framework",
				"${BUILT_PRODUCTS_DIR}/lottie-ios/Lottie.framework",
				"${BUILT_PRODUCTS_DIR}/nanopb/nanopb.framework",
			);
			name = "[CP] Embed Pods Frameworks";
			outputFileListPaths = (
			);
			outputPaths = (
				"${TARGET_BUILD_DIR}/${FRAMEWORKS_FOLDER_PATH}/AFNetworking.framework",
				"${TARGET_BUILD_DIR}/${FRAMEWORKS_FOLDER_PATH}/Bolts.framework",
				"${TARGET_BUILD_DIR}/${FRAMEWORKS_FOLDER_PATH}/ChatSDK.framework",
				"${TARGET_BUILD_DIR}/${FRAMEWORKS_FOLDER_PATH}/KeepLayout.framework",
				"${TARGET_BUILD_DIR}/${FRAMEWORKS_FOLDER_PATH}/CountryPicker.framework",
				"${TARGET_BUILD_DIR}/${FRAMEWORKS_FOLDER_PATH}/DateTools.framework",
				"${TARGET_BUILD_DIR}/${FRAMEWORKS_FOLDER_PATH}/FBSDKCoreKit.framework",
				"${TARGET_BUILD_DIR}/${FRAMEWORKS_FOLDER_PATH}/FBSDKLoginKit.framework",
				"${TARGET_BUILD_DIR}/${FRAMEWORKS_FOLDER_PATH}/FrameAccessor.framework",
				"${TARGET_BUILD_DIR}/${FRAMEWORKS_FOLDER_PATH}/GTMSessionFetcher.framework",
				"${TARGET_BUILD_DIR}/${FRAMEWORKS_FOLDER_PATH}/GoogleToolboxForMac.framework",
				"${TARGET_BUILD_DIR}/${FRAMEWORKS_FOLDER_PATH}/GoogleUtilities.framework",
				"${TARGET_BUILD_DIR}/${FRAMEWORKS_FOLDER_PATH}/Hakawai.framework",
				"${TARGET_BUILD_DIR}/${FRAMEWORKS_FOLDER_PATH}/MBProgressHUD.framework",
				"${TARGET_BUILD_DIR}/${FRAMEWORKS_FOLDER_PATH}/Protobuf.framework",
				"${TARGET_BUILD_DIR}/${FRAMEWORKS_FOLDER_PATH}/Rswift.framework",
				"${TARGET_BUILD_DIR}/${FRAMEWORKS_FOLDER_PATH}/RXPromise.framework",
				"${TARGET_BUILD_DIR}/${FRAMEWORKS_FOLDER_PATH}/Reachability.framework",
				"${TARGET_BUILD_DIR}/${FRAMEWORKS_FOLDER_PATH}/RxCocoa.framework",
				"${TARGET_BUILD_DIR}/${FRAMEWORKS_FOLDER_PATH}/RxSwift.framework",
				"${TARGET_BUILD_DIR}/${FRAMEWORKS_FOLDER_PATH}/RxSwiftExt.framework",
				"${TARGET_BUILD_DIR}/${FRAMEWORKS_FOLDER_PATH}/RxSwiftUtilities.framework",
				"${TARGET_BUILD_DIR}/${FRAMEWORKS_FOLDER_PATH}/SAMKeychain.framework",
				"${TARGET_BUILD_DIR}/${FRAMEWORKS_FOLDER_PATH}/SDWebImage.framework",
				"${TARGET_BUILD_DIR}/${FRAMEWORKS_FOLDER_PATH}/StaticDataTableViewController.framework",
				"${TARGET_BUILD_DIR}/${FRAMEWORKS_FOLDER_PATH}/TOCropViewController.framework",
				"${TARGET_BUILD_DIR}/${FRAMEWORKS_FOLDER_PATH}/Toast.framework",
				"${TARGET_BUILD_DIR}/${FRAMEWORKS_FOLDER_PATH}/TwitterCore.framework",
				"${TARGET_BUILD_DIR}/${FRAMEWORKS_FOLDER_PATH}/TwitterKit.framework",
				"${TARGET_BUILD_DIR}/${FRAMEWORKS_FOLDER_PATH}/VENTokenField.framework",
				"${TARGET_BUILD_DIR}/${FRAMEWORKS_FOLDER_PATH}/leveldb.framework",
				"${TARGET_BUILD_DIR}/${FRAMEWORKS_FOLDER_PATH}/Lottie.framework",
				"${TARGET_BUILD_DIR}/${FRAMEWORKS_FOLDER_PATH}/nanopb.framework",
			);
			runOnlyForDeploymentPostprocessing = 0;
			shellPath = /bin/sh;
			shellScript = "\"${PODS_ROOT}/Target Support Files/Pods-adocaoAnimal/Pods-adocaoAnimal-frameworks.sh\"\n";
			showEnvVarsInLog = 0;
		};
/* End PBXShellScriptBuildPhase section */

/* Begin PBXSourcesBuildPhase section */
		317FDD5C2255849700356327 /* Sources */ = {
			isa = PBXSourcesBuildPhase;
			buildActionMask = 2147483647;
			files = (
				317FDD662255849700356327 /* ViewController.swift in Sources */,
				D77B10E32256DEA6009B3561 /* PetDetailsView.swift in Sources */,
				31736BCC225589A700BCFE53 /* FeedView.swift in Sources */,
				D77B10D62256D4D0009B3561 /* Coordinator.swift in Sources */,
				D77B10E42256DEA6009B3561 /* PetDetailsViewModel.swift in Sources */,
				D77B10D22256D2B0009B3561 /* R.generated.swift in Sources */,
				31736BCD225589A700BCFE53 /* FeedViewModel.swift in Sources */,
				317FDD642255849700356327 /* AppDelegate.swift in Sources */,
				D77B10D82256D52D009B3561 /* AppCoordinator.swift in Sources */,
			);
			runOnlyForDeploymentPostprocessing = 0;
		};
		317FDD702255849800356327 /* Sources */ = {
			isa = PBXSourcesBuildPhase;
			buildActionMask = 2147483647;
			files = (
				317FDD792255849800356327 /* adocaoAnimalTests.swift in Sources */,
			);
			runOnlyForDeploymentPostprocessing = 0;
		};
		317FDD7B2255849800356327 /* Sources */ = {
			isa = PBXSourcesBuildPhase;
			buildActionMask = 2147483647;
			files = (
				317FDD842255849800356327 /* adocaoAnimalUITests.swift in Sources */,
			);
			runOnlyForDeploymentPostprocessing = 0;
		};
/* End PBXSourcesBuildPhase section */

/* Begin PBXTargetDependency section */
		317FDD762255849800356327 /* PBXTargetDependency */ = {
			isa = PBXTargetDependency;
			target = 317FDD5F2255849700356327 /* adocaoAnimal */;
			targetProxy = 317FDD752255849800356327 /* PBXContainerItemProxy */;
		};
		317FDD812255849800356327 /* PBXTargetDependency */ = {
			isa = PBXTargetDependency;
			target = 317FDD5F2255849700356327 /* adocaoAnimal */;
			targetProxy = 317FDD802255849800356327 /* PBXContainerItemProxy */;
		};
/* End PBXTargetDependency section */

/* Begin PBXVariantGroup section */
		317FDD672255849700356327 /* Main.storyboard */ = {
			isa = PBXVariantGroup;
			children = (
				317FDD682255849700356327 /* Base */,
			);
			name = Main.storyboard;
			sourceTree = "<group>";
		};
		317FDD6C2255849800356327 /* LaunchScreen.storyboard */ = {
			isa = PBXVariantGroup;
			children = (
				317FDD6D2255849800356327 /* Base */,
			);
			name = LaunchScreen.storyboard;
			sourceTree = "<group>";
		};
/* End PBXVariantGroup section */

/* Begin XCBuildConfiguration section */
		317FDD862255849800356327 /* Debug */ = {
			isa = XCBuildConfiguration;
			buildSettings = {
				ALWAYS_SEARCH_USER_PATHS = NO;
				CLANG_ANALYZER_NONNULL = YES;
				CLANG_ANALYZER_NUMBER_OBJECT_CONVERSION = YES_AGGRESSIVE;
				CLANG_CXX_LANGUAGE_STANDARD = "gnu++14";
				CLANG_CXX_LIBRARY = "libc++";
				CLANG_ENABLE_MODULES = YES;
				CLANG_ENABLE_OBJC_ARC = YES;
				CLANG_ENABLE_OBJC_WEAK = YES;
				CLANG_WARN_BLOCK_CAPTURE_AUTORELEASING = YES;
				CLANG_WARN_BOOL_CONVERSION = YES;
				CLANG_WARN_COMMA = YES;
				CLANG_WARN_CONSTANT_CONVERSION = YES;
				CLANG_WARN_DEPRECATED_OBJC_IMPLEMENTATIONS = YES;
				CLANG_WARN_DIRECT_OBJC_ISA_USAGE = YES_ERROR;
				CLANG_WARN_DOCUMENTATION_COMMENTS = YES;
				CLANG_WARN_EMPTY_BODY = YES;
				CLANG_WARN_ENUM_CONVERSION = YES;
				CLANG_WARN_INFINITE_RECURSION = YES;
				CLANG_WARN_INT_CONVERSION = YES;
				CLANG_WARN_NON_LITERAL_NULL_CONVERSION = YES;
				CLANG_WARN_OBJC_IMPLICIT_RETAIN_SELF = YES;
				CLANG_WARN_OBJC_LITERAL_CONVERSION = YES;
				CLANG_WARN_OBJC_ROOT_CLASS = YES_ERROR;
				CLANG_WARN_RANGE_LOOP_ANALYSIS = YES;
				CLANG_WARN_STRICT_PROTOTYPES = YES;
				CLANG_WARN_SUSPICIOUS_MOVE = YES;
				CLANG_WARN_UNGUARDED_AVAILABILITY = YES_AGGRESSIVE;
				CLANG_WARN_UNREACHABLE_CODE = YES;
				CLANG_WARN__DUPLICATE_METHOD_MATCH = YES;
				CODE_SIGN_IDENTITY = "iPhone Developer";
				COPY_PHASE_STRIP = NO;
				DEBUG_INFORMATION_FORMAT = dwarf;
				ENABLE_STRICT_OBJC_MSGSEND = YES;
				ENABLE_TESTABILITY = YES;
				GCC_C_LANGUAGE_STANDARD = gnu11;
				GCC_DYNAMIC_NO_PIC = NO;
				GCC_NO_COMMON_BLOCKS = YES;
				GCC_OPTIMIZATION_LEVEL = 0;
				GCC_PREPROCESSOR_DEFINITIONS = (
					"DEBUG=1",
					"$(inherited)",
				);
				GCC_WARN_64_TO_32_BIT_CONVERSION = YES;
				GCC_WARN_ABOUT_RETURN_TYPE = YES_ERROR;
				GCC_WARN_UNDECLARED_SELECTOR = YES;
				GCC_WARN_UNINITIALIZED_AUTOS = YES_AGGRESSIVE;
				GCC_WARN_UNUSED_FUNCTION = YES;
				GCC_WARN_UNUSED_VARIABLE = YES;
				IPHONEOS_DEPLOYMENT_TARGET = 12.2;
				MTL_ENABLE_DEBUG_INFO = INCLUDE_SOURCE;
				MTL_FAST_MATH = YES;
				ONLY_ACTIVE_ARCH = YES;
				SDKROOT = iphoneos;
				SWIFT_ACTIVE_COMPILATION_CONDITIONS = DEBUG;
				SWIFT_OPTIMIZATION_LEVEL = "-Onone";
			};
			name = Debug;
		};
		317FDD872255849800356327 /* Release */ = {
			isa = XCBuildConfiguration;
			buildSettings = {
				ALWAYS_SEARCH_USER_PATHS = NO;
				CLANG_ANALYZER_NONNULL = YES;
				CLANG_ANALYZER_NUMBER_OBJECT_CONVERSION = YES_AGGRESSIVE;
				CLANG_CXX_LANGUAGE_STANDARD = "gnu++14";
				CLANG_CXX_LIBRARY = "libc++";
				CLANG_ENABLE_MODULES = YES;
				CLANG_ENABLE_OBJC_ARC = YES;
				CLANG_ENABLE_OBJC_WEAK = YES;
				CLANG_WARN_BLOCK_CAPTURE_AUTORELEASING = YES;
				CLANG_WARN_BOOL_CONVERSION = YES;
				CLANG_WARN_COMMA = YES;
				CLANG_WARN_CONSTANT_CONVERSION = YES;
				CLANG_WARN_DEPRECATED_OBJC_IMPLEMENTATIONS = YES;
				CLANG_WARN_DIRECT_OBJC_ISA_USAGE = YES_ERROR;
				CLANG_WARN_DOCUMENTATION_COMMENTS = YES;
				CLANG_WARN_EMPTY_BODY = YES;
				CLANG_WARN_ENUM_CONVERSION = YES;
				CLANG_WARN_INFINITE_RECURSION = YES;
				CLANG_WARN_INT_CONVERSION = YES;
				CLANG_WARN_NON_LITERAL_NULL_CONVERSION = YES;
				CLANG_WARN_OBJC_IMPLICIT_RETAIN_SELF = YES;
				CLANG_WARN_OBJC_LITERAL_CONVERSION = YES;
				CLANG_WARN_OBJC_ROOT_CLASS = YES_ERROR;
				CLANG_WARN_RANGE_LOOP_ANALYSIS = YES;
				CLANG_WARN_STRICT_PROTOTYPES = YES;
				CLANG_WARN_SUSPICIOUS_MOVE = YES;
				CLANG_WARN_UNGUARDED_AVAILABILITY = YES_AGGRESSIVE;
				CLANG_WARN_UNREACHABLE_CODE = YES;
				CLANG_WARN__DUPLICATE_METHOD_MATCH = YES;
				CODE_SIGN_IDENTITY = "iPhone Developer";
				COPY_PHASE_STRIP = NO;
				DEBUG_INFORMATION_FORMAT = "dwarf-with-dsym";
				ENABLE_NS_ASSERTIONS = NO;
				ENABLE_STRICT_OBJC_MSGSEND = YES;
				GCC_C_LANGUAGE_STANDARD = gnu11;
				GCC_NO_COMMON_BLOCKS = YES;
				GCC_WARN_64_TO_32_BIT_CONVERSION = YES;
				GCC_WARN_ABOUT_RETURN_TYPE = YES_ERROR;
				GCC_WARN_UNDECLARED_SELECTOR = YES;
				GCC_WARN_UNINITIALIZED_AUTOS = YES_AGGRESSIVE;
				GCC_WARN_UNUSED_FUNCTION = YES;
				GCC_WARN_UNUSED_VARIABLE = YES;
				IPHONEOS_DEPLOYMENT_TARGET = 12.2;
				MTL_ENABLE_DEBUG_INFO = NO;
				MTL_FAST_MATH = YES;
				SDKROOT = iphoneos;
				SWIFT_COMPILATION_MODE = wholemodule;
				SWIFT_OPTIMIZATION_LEVEL = "-O";
				VALIDATE_PRODUCT = YES;
			};
			name = Release;
		};
		317FDD892255849800356327 /* Debug */ = {
			isa = XCBuildConfiguration;
			baseConfigurationReference = 18298206FD12530BC1ED0589 /* Pods-adocaoAnimal.debug.xcconfig */;
			buildSettings = {
				ASSETCATALOG_COMPILER_APPICON_NAME = AppIcon;
				CODE_SIGN_STYLE = Automatic;
				DEVELOPMENT_TEAM = 3DAQ868NGN;
				INFOPLIST_FILE = adocaoAnimal/Info.plist;
				IPHONEOS_DEPLOYMENT_TARGET = 10.3;
				LD_RUNPATH_SEARCH_PATHS = (
					"$(inherited)",
					"@executable_path/Frameworks",
				);
				PRODUCT_BUNDLE_IDENTIFIER = br.com.midsen.adocaoAnimal;
				PRODUCT_NAME = "$(TARGET_NAME)";
				SWIFT_VERSION = 5.0;
				TARGETED_DEVICE_FAMILY = "1,2";
			};
			name = Debug;
		};
		317FDD8A2255849800356327 /* Release */ = {
			isa = XCBuildConfiguration;
			baseConfigurationReference = BB5A441A81AC28F9BF4FB0C7 /* Pods-adocaoAnimal.release.xcconfig */;
			buildSettings = {
				ASSETCATALOG_COMPILER_APPICON_NAME = AppIcon;
				CODE_SIGN_STYLE = Automatic;
				DEVELOPMENT_TEAM = 3DAQ868NGN;
				INFOPLIST_FILE = adocaoAnimal/Info.plist;
				IPHONEOS_DEPLOYMENT_TARGET = 10.3;
				LD_RUNPATH_SEARCH_PATHS = (
					"$(inherited)",
					"@executable_path/Frameworks",
				);
				PRODUCT_BUNDLE_IDENTIFIER = br.com.midsen.adocaoAnimal;
				PRODUCT_NAME = "$(TARGET_NAME)";
				SWIFT_VERSION = 5.0;
				TARGETED_DEVICE_FAMILY = "1,2";
			};
			name = Release;
		};
		317FDD8C2255849800356327 /* Debug */ = {
			isa = XCBuildConfiguration;
			baseConfigurationReference = EA5EE50E64792CC41D9AA554 /* Pods-adocaoAnimalTests.debug.xcconfig */;
			buildSettings = {
				ALWAYS_EMBED_SWIFT_STANDARD_LIBRARIES = YES;
				BUNDLE_LOADER = "$(TEST_HOST)";
				CODE_SIGN_STYLE = Automatic;
				DEVELOPMENT_TEAM = 3DAQ868NGN;
				INFOPLIST_FILE = adocaoAnimalTests/Info.plist;
				LD_RUNPATH_SEARCH_PATHS = (
					"$(inherited)",
					"@executable_path/Frameworks",
					"@loader_path/Frameworks",
				);
				PRODUCT_BUNDLE_IDENTIFIER = com.arbigaus.adocaoAnimalTests;
				PRODUCT_NAME = "$(TARGET_NAME)";
				SWIFT_VERSION = 5.0;
				TARGETED_DEVICE_FAMILY = "1,2";
				TEST_HOST = "$(BUILT_PRODUCTS_DIR)/adocaoAnimal.app/adocaoAnimal";
			};
			name = Debug;
		};
		317FDD8D2255849800356327 /* Release */ = {
			isa = XCBuildConfiguration;
			baseConfigurationReference = BA1D534F592A17B641BF6544 /* Pods-adocaoAnimalTests.release.xcconfig */;
			buildSettings = {
				ALWAYS_EMBED_SWIFT_STANDARD_LIBRARIES = YES;
				BUNDLE_LOADER = "$(TEST_HOST)";
				CODE_SIGN_STYLE = Automatic;
				DEVELOPMENT_TEAM = 3DAQ868NGN;
				INFOPLIST_FILE = adocaoAnimalTests/Info.plist;
				LD_RUNPATH_SEARCH_PATHS = (
					"$(inherited)",
					"@executable_path/Frameworks",
					"@loader_path/Frameworks",
				);
				PRODUCT_BUNDLE_IDENTIFIER = com.arbigaus.adocaoAnimalTests;
				PRODUCT_NAME = "$(TARGET_NAME)";
				SWIFT_VERSION = 5.0;
				TARGETED_DEVICE_FAMILY = "1,2";
				TEST_HOST = "$(BUILT_PRODUCTS_DIR)/adocaoAnimal.app/adocaoAnimal";
			};
			name = Release;
		};
		317FDD8F2255849800356327 /* Debug */ = {
			isa = XCBuildConfiguration;
			baseConfigurationReference = E3E41E50A03220D1A2B05946 /* Pods-adocaoAnimalUITests.debug.xcconfig */;
			buildSettings = {
				ALWAYS_EMBED_SWIFT_STANDARD_LIBRARIES = YES;
				CODE_SIGN_STYLE = Automatic;
				DEVELOPMENT_TEAM = 3DAQ868NGN;
				INFOPLIST_FILE = adocaoAnimalUITests/Info.plist;
				LD_RUNPATH_SEARCH_PATHS = (
					"$(inherited)",
					"@executable_path/Frameworks",
					"@loader_path/Frameworks",
				);
				PRODUCT_BUNDLE_IDENTIFIER = com.arbigaus.adocaoAnimalUITests;
				PRODUCT_NAME = "$(TARGET_NAME)";
				SWIFT_VERSION = 5.0;
				TARGETED_DEVICE_FAMILY = "1,2";
				TEST_TARGET_NAME = adocaoAnimal;
			};
			name = Debug;
		};
		317FDD902255849800356327 /* Release */ = {
			isa = XCBuildConfiguration;
			baseConfigurationReference = 450060FEF2DC9E2875DC2315 /* Pods-adocaoAnimalUITests.release.xcconfig */;
			buildSettings = {
				ALWAYS_EMBED_SWIFT_STANDARD_LIBRARIES = YES;
				CODE_SIGN_STYLE = Automatic;
				DEVELOPMENT_TEAM = 3DAQ868NGN;
				INFOPLIST_FILE = adocaoAnimalUITests/Info.plist;
				LD_RUNPATH_SEARCH_PATHS = (
					"$(inherited)",
					"@executable_path/Frameworks",
					"@loader_path/Frameworks",
				);
				PRODUCT_BUNDLE_IDENTIFIER = com.arbigaus.adocaoAnimalUITests;
				PRODUCT_NAME = "$(TARGET_NAME)";
				SWIFT_VERSION = 5.0;
				TARGETED_DEVICE_FAMILY = "1,2";
				TEST_TARGET_NAME = adocaoAnimal;
			};
			name = Release;
		};
/* End XCBuildConfiguration section */

/* Begin XCConfigurationList section */
		317FDD5B2255849700356327 /* Build configuration list for PBXProject "adocaoAnimal" */ = {
			isa = XCConfigurationList;
			buildConfigurations = (
				317FDD862255849800356327 /* Debug */,
				317FDD872255849800356327 /* Release */,
			);
			defaultConfigurationIsVisible = 0;
			defaultConfigurationName = Release;
		};
		317FDD882255849800356327 /* Build configuration list for PBXNativeTarget "adocaoAnimal" */ = {
			isa = XCConfigurationList;
			buildConfigurations = (
				317FDD892255849800356327 /* Debug */,
				317FDD8A2255849800356327 /* Release */,
			);
			defaultConfigurationIsVisible = 0;
			defaultConfigurationName = Release;
		};
		317FDD8B2255849800356327 /* Build configuration list for PBXNativeTarget "adocaoAnimalTests" */ = {
			isa = XCConfigurationList;
			buildConfigurations = (
				317FDD8C2255849800356327 /* Debug */,
				317FDD8D2255849800356327 /* Release */,
			);
			defaultConfigurationIsVisible = 0;
			defaultConfigurationName = Release;
		};
		317FDD8E2255849800356327 /* Build configuration list for PBXNativeTarget "adocaoAnimalUITests" */ = {
			isa = XCConfigurationList;
			buildConfigurations = (
				317FDD8F2255849800356327 /* Debug */,
				317FDD902255849800356327 /* Release */,
			);
			defaultConfigurationIsVisible = 0;
			defaultConfigurationName = Release;
		};
/* End XCConfigurationList section */
	};
	rootObject = 317FDD582255849700356327 /* Project object */;
}
